
Microsoft Visual Studio Solution File, Format Version 12.00
# Visual Studio 15
VisualStudioVersion = 15.0.28010.2046
MinimumVisualStudioVersion = 10.0.40219.1
Project("{FAE04EC0-301F-11D3-BF4B-00C04F79EFBC}") = "Singleton", "Singleton\Singleton.csproj", "{25F1C4E2-959E-4D26-8DA6-0222960CA025}"
EndProject
Project("{FAE04EC0-301F-11D3-BF4B-00C04F79EFBC}") = "AbstractFactory", "..\..\AbstractFactory\AbstractFactory.csproj", "{6E31FF65-A26A-4A19-A302-FED67B78E11E}"
EndProject
Project("{FAE04EC0-301F-11D3-BF4B-00C04F79EFBC}") = "Builder", "..\..\Builder\Builder.csproj", "{BF30AB97-4CBE-4E84-89B2-0B3AEC41B3D7}"
EndProject
Project("{FAE04EC0-301F-11D3-BF4B-00C04F79EFBC}") = "FactoryMethod", "..\..\FactoryMethod\FactoryMethod.csproj", "{E27EA500-CB94-4C59-B521-BF2CAE403C7F}"
EndProject
Project("{FAE04EC0-301F-11D3-BF4B-00C04F79EFBC}") = "Prototype", "..\..\Prototype\Prototype.csproj", "{39695038-F60E-4407-80BE-940D537B75F6}"
EndProject
Project("{FAE04EC0-301F-11D3-BF4B-00C04F79EFBC}") = "AdapterPattern", "..\..\AdapterPattern\AdapterPattern.csproj", "{F59E4C9A-BBF4-405D-9384-6390E670C274}"
EndProject
Project("{FAE04EC0-301F-11D3-BF4B-00C04F79EFBC}") = "BridgePattern", "..\..\BridgePattern\BridgePattern.csproj", "{2B76C98F-CDBB-4EF3-841F-19B4638890C8}"
EndProject
Project("{2150E333-8FDC-42A3-9474-1A3956D46DE8}") = "创建型", "创建型", "{5E020848-6B1B-4420-9A53-E7A85BD56A55}"
EndProject
Project("{2150E333-8FDC-42A3-9474-1A3956D46DE8}") = "结构型", "结构型", "{F70DEDF0-D70B-4483-85D9-F4CAE326AEF6}"
EndProject
Project("{FAE04EC0-301F-11D3-BF4B-00C04F79EFBC}") = "Decorator", "..\..\Decorator\Decorator.csproj", "{ECC86A3D-2CE7-4FAD-8EFD-7DC92AA9B1FD}"
EndProject
Project("{FAE04EC0-301F-11D3-BF4B-00C04F79EFBC}") = "Composite", "..\..\Composite\Composite.csproj", "{3F3A13C6-E9C0-4BCA-841C-2ADDAC49A1FD}"
EndProject
Project("{FAE04EC0-301F-11D3-BF4B-00C04F79EFBC}") = "Facade", "..\..\Facade\Facade.csproj", "{3DAE4670-FB18-4FD2-A8F6-A95F82BE69BA}"
EndProject
Project("{FAE04EC0-301F-11D3-BF4B-00C04F79EFBC}") = "Flyweight", "..\..\Flyweight\Flyweight.csproj", "{62C96569-43CD-4D0B-9C73-B0263A108F1B}"
EndProject
Project("{FAE04EC0-301F-11D3-BF4B-00C04F79EFBC}") = "Proxy", "..\..\Proxy\Proxy.csproj", "{352B7B11-C697-4843-9AC4-C843A7C006DA}"
EndProject
Project("{2150E333-8FDC-42A3-9474-1A3956D46DE8}") = "行为型", "行为型", "{86B18A58-37DD-489B-9DD6-0532936DA2C5}"
EndProject
Project("{FAE04EC0-301F-11D3-BF4B-00C04F79EFBC}") = "TemplateMetod", "..\..\TemplateMetod\TemplateMetod.csproj", "{820CD8F3-5DFB-4B8E-8105-B9167D547A40}"
EndProject
Project("{FAE04EC0-301F-11D3-BF4B-00C04F79EFBC}") = "CommandPattern", "..\..\CommandPattern\CommandPattern.csproj", "{ED545A8D-D032-4D4E-937F-0DCB67F54444}"
EndProject
Project("{FAE04EC0-301F-11D3-BF4B-00C04F79EFBC}") = "Iterator", "..\..\Iterator\Iterator.csproj", "{B61736AA-B4D5-4EF4-88F8-6B918371CD9E}"
EndProject
Global
	GlobalSection(SolutionConfigurationPlatforms) = preSolution
		Debug|Any CPU = Debug|Any CPU
		Release|Any CPU = Release|Any CPU
	EndGlobalSection
	GlobalSection(ProjectConfigurationPlatforms) = postSolution
		{25F1C4E2-959E-4D26-8DA6-0222960CA025}.Debug|Any CPU.ActiveCfg = Debug|Any CPU
		{25F1C4E2-959E-4D26-8DA6-0222960CA025}.Debug|Any CPU.Build.0 = Debug|Any CPU
		{25F1C4E2-959E-4D26-8DA6-0222960CA025}.Release|Any CPU.ActiveCfg = Release|Any CPU
		{25F1C4E2-959E-4D26-8DA6-0222960CA025}.Release|Any CPU.Build.0 = Release|Any CPU
		{6E31FF65-A26A-4A19-A302-FED67B78E11E}.Debug|Any CPU.ActiveCfg = Debug|Any CPU
		{6E31FF65-A26A-4A19-A302-FED67B78E11E}.Debug|Any CPU.Build.0 = Debug|Any CPU
		{6E31FF65-A26A-4A19-A302-FED67B78E11E}.Release|Any CPU.ActiveCfg = Release|Any CPU
		{6E31FF65-A26A-4A19-A302-FED67B78E11E}.Release|Any CPU.Build.0 = Release|Any CPU
		{BF30AB97-4CBE-4E84-89B2-0B3AEC41B3D7}.Debug|Any CPU.ActiveCfg = Debug|Any CPU
		{BF30AB97-4CBE-4E84-89B2-0B3AEC41B3D7}.Debug|Any CPU.Build.0 = Debug|Any CPU
		{BF30AB97-4CBE-4E84-89B2-0B3AEC41B3D7}.Release|Any CPU.ActiveCfg = Release|Any CPU
		{BF30AB97-4CBE-4E84-89B2-0B3AEC41B3D7}.Release|Any CPU.Build.0 = Release|Any CPU
		{E27EA500-CB94-4C59-B521-BF2CAE403C7F}.Debug|Any CPU.ActiveCfg = Debug|Any CPU
		{E27EA500-CB94-4C59-B521-BF2CAE403C7F}.Debug|Any CPU.Build.0 = Debug|Any CPU
		{E27EA500-CB94-4C59-B521-BF2CAE403C7F}.Release|Any CPU.ActiveCfg = Release|Any CPU
		{E27EA500-CB94-4C59-B521-BF2CAE403C7F}.Release|Any CPU.Build.0 = Release|Any CPU
		{39695038-F60E-4407-80BE-940D537B75F6}.Debug|Any CPU.ActiveCfg = Debug|Any CPU
		{39695038-F60E-4407-80BE-940D537B75F6}.Debug|Any CPU.Build.0 = Debug|Any CPU
		{39695038-F60E-4407-80BE-940D537B75F6}.Release|Any CPU.ActiveCfg = Release|Any CPU
		{39695038-F60E-4407-80BE-940D537B75F6}.Release|Any CPU.Build.0 = Release|Any CPU
		{F59E4C9A-BBF4-405D-9384-6390E670C274}.Debug|Any CPU.ActiveCfg = Debug|Any CPU
		{F59E4C9A-BBF4-405D-9384-6390E670C274}.Debug|Any CPU.Build.0 = Debug|Any CPU
		{F59E4C9A-BBF4-405D-9384-6390E670C274}.Release|Any CPU.ActiveCfg = Release|Any CPU
		{F59E4C9A-BBF4-405D-9384-6390E670C274}.Release|Any CPU.Build.0 = Release|Any CPU
		{2B76C98F-CDBB-4EF3-841F-19B4638890C8}.Debug|Any CPU.ActiveCfg = Debug|Any CPU
		{2B76C98F-CDBB-4EF3-841F-19B4638890C8}.Debug|Any CPU.Build.0 = Debug|Any CPU
		{2B76C98F-CDBB-4EF3-841F-19B4638890C8}.Release|Any CPU.ActiveCfg = Release|Any CPU
		{2B76C98F-CDBB-4EF3-841F-19B4638890C8}.Release|Any CPU.Build.0 = Release|Any CPU
		{ECC86A3D-2CE7-4FAD-8EFD-7DC92AA9B1FD}.Debug|Any CPU.ActiveCfg = Debug|Any CPU
		{ECC86A3D-2CE7-4FAD-8EFD-7DC92AA9B1FD}.Debug|Any CPU.Build.0 = Debug|Any CPU
		{ECC86A3D-2CE7-4FAD-8EFD-7DC92AA9B1FD}.Release|Any CPU.ActiveCfg = Release|Any CPU
		{ECC86A3D-2CE7-4FAD-8EFD-7DC92AA9B1FD}.Release|Any CPU.Build.0 = Release|Any CPU
		{3F3A13C6-E9C0-4BCA-841C-2ADDAC49A1FD}.Debug|Any CPU.ActiveCfg = Debug|Any CPU
		{3F3A13C6-E9C0-4BCA-841C-2ADDAC49A1FD}.Debug|Any CPU.Build.0 = Debug|Any CPU
		{3F3A13C6-E9C0-4BCA-841C-2ADDAC49A1FD}.Release|Any CPU.ActiveCfg = Release|Any CPU
		{3F3A13C6-E9C0-4BCA-841C-2ADDAC49A1FD}.Release|Any CPU.Build.0 = Release|Any CPU
		{3DAE4670-FB18-4FD2-A8F6-A95F82BE69BA}.Debug|Any CPU.ActiveCfg = Debug|Any CPU
		{3DAE4670-FB18-4FD2-A8F6-A95F82BE69BA}.Debug|Any CPU.Build.0 = Debug|Any CPU
		{3DAE4670-FB18-4FD2-A8F6-A95F82BE69BA}.Release|Any CPU.ActiveCfg = Release|Any CPU
		{3DAE4670-FB18-4FD2-A8F6-A95F82BE69BA}.Release|Any CPU.Build.0 = Release|Any CPU
		{62C96569-43CD-4D0B-9C73-B0263A108F1B}.Debug|Any CPU.ActiveCfg = Debug|Any CPU
		{62C96569-43CD-4D0B-9C73-B0263A108F1B}.Debug|Any CPU.Build.0 = Debug|Any CPU
		{62C96569-43CD-4D0B-9C73-B0263A108F1B}.Release|Any CPU.ActiveCfg = Release|Any CPU
		{62C96569-43CD-4D0B-9C73-B0263A108F1B}.Release|Any CPU.Build.0 = Release|Any CPU
		{352B7B11-C697-4843-9AC4-C843A7C006DA}.Debug|Any CPU.ActiveCfg = Debug|Any CPU
		{352B7B11-C697-4843-9AC4-C843A7C006DA}.Debug|Any CPU.Build.0 = Debug|Any CPU
		{352B7B11-C697-4843-9AC4-C843A7C006DA}.Release|Any CPU.ActiveCfg = Release|Any CPU
		{352B7B11-C697-4843-9AC4-C843A7C006DA}.Release|Any CPU.Build.0 = Release|Any CPU
		{820CD8F3-5DFB-4B8E-8105-B9167D547A40}.Debug|Any CPU.ActiveCfg = Debug|Any CPU
		{820CD8F3-5DFB-4B8E-8105-B9167D547A40}.Debug|Any CPU.Build.0 = Debug|Any CPU
		{820CD8F3-5DFB-4B8E-8105-B9167D547A40}.Release|Any CPU.ActiveCfg = Release|Any CPU
		{820CD8F3-5DFB-4B8E-8105-B9167D547A40}.Release|Any CPU.Build.0 = Release|Any CPU
		{ED545A8D-D032-4D4E-937F-0DCB67F54444}.Debug|Any CPU.ActiveCfg = Debug|Any CPU
		{ED545A8D-D032-4D4E-937F-0DCB67F54444}.Debug|Any CPU.Build.0 = Debug|Any CPU
		{ED545A8D-D032-4D4E-937F-0DCB67F54444}.Release|Any CPU.ActiveCfg = Release|Any CPU
		{ED545A8D-D032-4D4E-937F-0DCB67F54444}.Release|Any CPU.Build.0 = Release|Any CPU
		{B61736AA-B4D5-4EF4-88F8-6B918371CD9E}.Debug|Any CPU.ActiveCfg = Debug|Any CPU
		{B61736AA-B4D5-4EF4-88F8-6B918371CD9E}.Debug|Any CPU.Build.0 = Debug|Any CPU
		{B61736AA-B4D5-4EF4-88F8-6B918371CD9E}.Release|Any CPU.ActiveCfg = Release|Any CPU
		{B61736AA-B4D5-4EF4-88F8-6B918371CD9E}.Release|Any CPU.Build.0 = Release|Any CPU
	EndGlobalSection
	GlobalSection(SolutionProperties) = preSolution
		HideSolutionNode = FALSE
	EndGlobalSection
	GlobalSection(NestedProjects) = preSolution
		{25F1C4E2-959E-4D26-8DA6-0222960CA025} = {5E020848-6B1B-4420-9A53-E7A85BD56A55}
		{6E31FF65-A26A-4A19-A302-FED67B78E11E} = {5E020848-6B1B-4420-9A53-E7A85BD56A55}
		{BF30AB97-4CBE-4E84-89B2-0B3AEC41B3D7} = {5E020848-6B1B-4420-9A53-E7A85BD56A55}
		{E27EA500-CB94-4C59-B521-BF2CAE403C7F} = {5E020848-6B1B-4420-9A53-E7A85BD56A55}
		{39695038-F60E-4407-80BE-940D537B75F6} = {5E020848-6B1B-4420-9A53-E7A85BD56A55}
		{F59E4C9A-BBF4-405D-9384-6390E670C274} = {F70DEDF0-D70B-4483-85D9-F4CAE326AEF6}
		{2B76C98F-CDBB-4EF3-841F-19B4638890C8} = {F70DEDF0-D70B-4483-85D9-F4CAE326AEF6}
		{ECC86A3D-2CE7-4FAD-8EFD-7DC92AA9B1FD} = {F70DEDF0-D70B-4483-85D9-F4CAE326AEF6}
		{3F3A13C6-E9C0-4BCA-841C-2ADDAC49A1FD} = {F70DEDF0-D70B-4483-85D9-F4CAE326AEF6}
		{3DAE4670-FB18-4FD2-A8F6-A95F82BE69BA} = {F70DEDF0-D70B-4483-85D9-F4CAE326AEF6}
		{352B7B11-C697-4843-9AC4-C843A7C006DA} = {F70DEDF0-D70B-4483-85D9-F4CAE326AEF6}
		{820CD8F3-5DFB-4B8E-8105-B9167D547A40} = {86B18A58-37DD-489B-9DD6-0532936DA2C5}
		{ED545A8D-D032-4D4E-937F-0DCB67F54444} = {86B18A58-37DD-489B-9DD6-0532936DA2C5}
		{B61736AA-B4D5-4EF4-88F8-6B918371CD9E} = {86B18A58-37DD-489B-9DD6-0532936DA2C5}
	EndGlobalSection
	GlobalSection(ExtensibilityGlobals) = postSolution
		SolutionGuid = {E3606F46-4E27-43DD-9BED-F0E4219FB80A}
	EndGlobalSection
EndGlobal
